
Microsoft Visual Studio Solution File, Format Version 12.00
# Visual Studio Version 16
VisualStudioVersion = 16.0.30907.101
MinimumVisualStudioVersion = 10.0.40219.1
Project("{FAE04EC0-301F-11D3-BF4B-00C04F79EFBC}") = "TheDungeon", "TheDungeon\TheDungeon.csproj", "{B899DAB5-3167-43CD-9565-FB61CC817941}"
EndProject
Project("{FAE04EC0-301F-11D3-BF4B-00C04F79EFBC}") = "Dungeon.Utils", "Dungeon.Utils\Dungeon.Utils.csproj", "{5ADA9B0C-E9E8-4E42-8AB0-73AA26058D63}"
EndProject
Project("{FAE04EC0-301F-11D3-BF4B-00C04F79EFBC}") = "Dungeon.GameData", "Dungeon.GameData\Dungeon.GameData.csproj", "{5CB661E3-C9A0-48AA-8BE5-2C8E751DAC57}"
EndProject
Project("{FAE04EC0-301F-11D3-BF4B-00C04F79EFBC}") = "Dungeon.Names", "Dungeon.Names\Dungeon.Names.csproj", "{A9AC6C32-3E75-4996-9D68-53BC6A7D56DF}"
EndProject
Global
	GlobalSection(SolutionConfigurationPlatforms) = preSolution
		Debug|Any CPU = Debug|Any CPU
		Release|Any CPU = Release|Any CPU
	EndGlobalSection
	GlobalSection(ProjectConfigurationPlatforms) = postSolution
		{B899DAB5-3167-43CD-9565-FB61CC817941}.Debug|Any CPU.ActiveCfg = Debug|Any CPU
		{B899DAB5-3167-43CD-9565-FB61CC817941}.Debug|Any CPU.Build.0 = Debug|Any CPU
		{B899DAB5-3167-43CD-9565-FB61CC817941}.Release|Any CPU.ActiveCfg = Release|Any CPU
		{B899DAB5-3167-43CD-9565-FB61CC817941}.Release|Any CPU.Build.0 = Release|Any CPU
		{5ADA9B0C-E9E8-4E42-8AB0-73AA26058D63}.Debug|Any CPU.ActiveCfg = Debug|Any CPU
		{5ADA9B0C-E9E8-4E42-8AB0-73AA26058D63}.Debug|Any CPU.Build.0 = Debug|Any CPU
		{5ADA9B0C-E9E8-4E42-8AB0-73AA26058D63}.Release|Any CPU.ActiveCfg = Release|Any CPU
		{5ADA9B0C-E9E8-4E42-8AB0-73AA26058D63}.Release|Any CPU.Build.0 = Release|Any CPU
		{5CB661E3-C9A0-48AA-8BE5-2C8E751DAC57}.Debug|Any CPU.ActiveCfg = Debug|Any CPU
		{5CB661E3-C9A0-48AA-8BE5-2C8E751DAC57}.Debug|Any CPU.Build.0 = Debug|Any CPU
		{5CB661E3-C9A0-48AA-8BE5-2C8E751DAC57}.Release|Any CPU.ActiveCfg = Release|Any CPU
		{5CB661E3-C9A0-48AA-8BE5-2C8E751DAC57}.Release|Any CPU.Build.0 = Release|Any CPU
		{A9AC6C32-3E75-4996-9D68-53BC6A7D56DF}.Debug|Any CPU.ActiveCfg = Debug|Any CPU
		{A9AC6C32-3E75-4996-9D68-53BC6A7D56DF}.Debug|Any CPU.Build.0 = Debug|Any CPU
		{A9AC6C32-3E75-4996-9D68-53BC6A7D56DF}.Release|Any CPU.ActiveCfg = Release|Any CPU
		{A9AC6C32-3E75-4996-9D68-53BC6A7D56DF}.Release|Any CPU.Build.0 = Release|Any CPU
	EndGlobalSection
	GlobalSection(SolutionProperties) = preSolution
		HideSolutionNode = FALSE
	EndGlobalSection
	GlobalSection(ExtensibilityGlobals) = postSolution
		SolutionGuid = {754315D6-22B2-4256-99F7-173FC1F5C8C3}
	EndGlobalSection
EndGlobal
